
Microsoft Visual Studio Solution File, Format Version 12.00
# Visual Studio Version 17
VisualStudioVersion = 17.14.35906.104 d17.14
MinimumVisualStudioVersion = 10.0.40219.1
Project("{FAE04EC0-301F-11D3-BF4B-00C04F79EFBC}") = "FodyLogging.Console", "FodyLogging.Console\FodyLogging.Console.csproj", "{22E7C7C1-D201-462A-AAC2-53D9C12402EF}"
EndProject
Project("{FAE04EC0-301F-11D3-BF4B-00C04F79EFBC}") = "LoggingTests", "LoggingTests\LoggingTests.csproj", "{7D1B3CD6-3852-44E0-98E5-F9B9F6A2893E}"
EndProject
Global
	GlobalSection(SolutionConfigurationPlatforms) = preSolution
		Debug|Any CPU = Debug|Any CPU
		Release|Any CPU = Release|Any CPU
	EndGlobalSection
	GlobalSection(ProjectConfigurationPlatforms) = postSolution
		{22E7C7C1-D201-462A-AAC2-53D9C12402EF}.Debug|Any CPU.ActiveCfg = Debug|Any CPU
		{22E7C7C1-D201-462A-AAC2-53D9C12402EF}.Debug|Any CPU.Build.0 = Debug|Any CPU
		{22E7C7C1-D201-462A-AAC2-53D9C12402EF}.Release|Any CPU.ActiveCfg = Release|Any CPU
		{22E7C7C1-D201-462A-AAC2-53D9C12402EF}.Release|Any CPU.Build.0 = Release|Any CPU
		{7D1B3CD6-3852-44E0-98E5-F9B9F6A2893E}.Debug|Any CPU.ActiveCfg = Debug|Any CPU
		{7D1B3CD6-3852-44E0-98E5-F9B9F6A2893E}.Debug|Any CPU.Build.0 = Debug|Any CPU
		{7D1B3CD6-3852-44E0-98E5-F9B9F6A2893E}.Release|Any CPU.ActiveCfg = Release|Any CPU
		{7D1B3CD6-3852-44E0-98E5-F9B9F6A2893E}.Release|Any CPU.Build.0 = Release|Any CPU
	EndGlobalSection
	GlobalSection(SolutionProperties) = preSolution
		HideSolutionNode = FALSE
	EndGlobalSection
	GlobalSection(ExtensibilityGlobals) = postSolution
		SolutionGuid = {2B47E0FB-98D8-4ACA-AD8A-E9BD2F6AFD1B}
	EndGlobalSection
EndGlobal
